// !$*UTF8*$!
{
	archiveVersion = 1;
	classes = {
	};
	objectVersion = 55;
	objects = {

/* Begin PBXBuildFile section */
		9398EC0628901E1800C0D765 /* DuNawApp.swift in Sources */ = {isa = PBXBuildFile; fileRef = 9398EC0528901E1800C0D765 /* DuNawApp.swift */; };
		9398EC0828901E1800C0D765 /* ContentView.swift in Sources */ = {isa = PBXBuildFile; fileRef = 9398EC0728901E1800C0D765 /* ContentView.swift */; };
		9398EC0A28901E1900C0D765 /* Assets.xcassets in Resources */ = {isa = PBXBuildFile; fileRef = 9398EC0928901E1900C0D765 /* Assets.xcassets */; };
		9398EC0D28901E1900C0D765 /* Preview Assets.xcassets in Resources */ = {isa = PBXBuildFile; fileRef = 9398EC0C28901E1900C0D765 /* Preview Assets.xcassets */; };
		9398EC0F28901E1900C0D765 /* Persistence.swift in Sources */ = {isa = PBXBuildFile; fileRef = 9398EC0E28901E1900C0D765 /* Persistence.swift */; };
		9398EC1228901E1900C0D765 /* DuNaw.xcdatamodeld in Sources */ = {isa = PBXBuildFile; fileRef = 9398EC1028901E1900C0D765 /* DuNaw.xcdatamodeld */; };
		9398EC1B28901FF200C0D765 /* Home.swift in Sources */ = {isa = PBXBuildFile; fileRef = 9398EC1A28901FF200C0D765 /* Home.swift */; };
		9398EC1D2890326300C0D765 /* TaskViewModel.swift in Sources */ = {isa = PBXBuildFile; fileRef = 9398EC1C2890326300C0D765 /* TaskViewModel.swift */; };
		9398EC1F2890424D00C0D765 /* AddNewTask.swift in Sources */ = {isa = PBXBuildFile; fileRef = 9398EC1E2890424D00C0D765 /* AddNewTask.swift */; };
		9398EC212891596900C0D765 /* DynamicFilteredView.swift in Sources */ = {isa = PBXBuildFile; fileRef = 9398EC202891596900C0D765 /* DynamicFilteredView.swift */; };
/* End PBXBuildFile section */

/* Begin PBXFileReference section */
		9398EC0228901E1800C0D765 /* DuNaw.app */ = {isa = PBXFileReference; explicitFileType = wrapper.application; includeInIndex = 0; path = DuNaw.app; sourceTree = BUILT_PRODUCTS_DIR; };
		9398EC0528901E1800C0D765 /* DuNawApp.swift */ = {isa = PBXFileReference; lastKnownFileType = sourcecode.swift; path = DuNawApp.swift; sourceTree = "<group>"; };
		9398EC0728901E1800C0D765 /* ContentView.swift */ = {isa = PBXFileReference; lastKnownFileType = sourcecode.swift; path = ContentView.swift; sourceTree = "<group>"; };
		9398EC0928901E1900C0D765 /* Assets.xcassets */ = {isa = PBXFileReference; lastKnownFileType = folder.assetcatalog; path = Assets.xcassets; sourceTree = "<group>"; };
		9398EC0C28901E1900C0D765 /* Preview Assets.xcassets */ = {isa = PBXFileReference; lastKnownFileType = folder.assetcatalog; path = "Preview Assets.xcassets"; sourceTree = "<group>"; };
		9398EC0E28901E1900C0D765 /* Persistence.swift */ = {isa = PBXFileReference; lastKnownFileType = sourcecode.swift; path = Persistence.swift; sourceTree = "<group>"; };
		9398EC1128901E1900C0D765 /* DuNaw.xcdatamodel */ = {isa = PBXFileReference; lastKnownFileType = wrapper.xcdatamodel; path = DuNaw.xcdatamodel; sourceTree = "<group>"; };
		9398EC1A28901FF200C0D765 /* Home.swift */ = {isa = PBXFileReference; lastKnownFileType = sourcecode.swift; path = Home.swift; sourceTree = "<group>"; };
		9398EC1C2890326300C0D765 /* TaskViewModel.swift */ = {isa = PBXFileReference; lastKnownFileType = sourcecode.swift; path = TaskViewModel.swift; sourceTree = "<group>"; };
		9398EC1E2890424D00C0D765 /* AddNewTask.swift */ = {isa = PBXFileReference; lastKnownFileType = sourcecode.swift; path = AddNewTask.swift; sourceTree = "<group>"; };
		9398EC202891596900C0D765 /* DynamicFilteredView.swift */ = {isa = PBXFileReference; lastKnownFileType = sourcecode.swift; path = DynamicFilteredView.swift; sourceTree = "<group>"; };
/* End PBXFileReference section */

/* Begin PBXFrameworksBuildPhase section */
		9398EBFF28901E1800C0D765 /* Frameworks */ = {
			isa = PBXFrameworksBuildPhase;
			buildActionMask = 2147483647;
			files = (
			);
			runOnlyForDeploymentPostprocessing = 0;
		};
/* End PBXFrameworksBuildPhase section */

/* Begin PBXGroup section */
		9398EBF928901E1800C0D765 = {
			isa = PBXGroup;
			children = (
				9398EC0428901E1800C0D765 /* DuNaw */,
				9398EC0328901E1800C0D765 /* Products */,
			);
			sourceTree = "<group>";
		};
		9398EC0328901E1800C0D765 /* Products */ = {
			isa = PBXGroup;
			children = (
				9398EC0228901E1800C0D765 /* DuNaw.app */,
			);
			name = Products;
			sourceTree = "<group>";
		};
		9398EC0428901E1800C0D765 /* DuNaw */ = {
			isa = PBXGroup;
			children = (
				9398EC1928901FD700C0D765 /* ViewModel */,
				9398EC1828901FD000C0D765 /* View */,
				9398EC0528901E1800C0D765 /* DuNawApp.swift */,
				9398EC0728901E1800C0D765 /* ContentView.swift */,
				9398EC0928901E1900C0D765 /* Assets.xcassets */,
				9398EC0E28901E1900C0D765 /* Persistence.swift */,
				9398EC1028901E1900C0D765 /* DuNaw.xcdatamodeld */,
				9398EC0B28901E1900C0D765 /* Preview Content */,
			);
			path = DuNaw;
			sourceTree = "<group>";
		};
		9398EC0B28901E1900C0D765 /* Preview Content */ = {
			isa = PBXGroup;
			children = (
				9398EC0C28901E1900C0D765 /* Preview Assets.xcassets */,
			);
			path = "Preview Content";
			sourceTree = "<group>";
		};
		9398EC1828901FD000C0D765 /* View */ = {
			isa = PBXGroup;
			children = (
				9398EC1A28901FF200C0D765 /* Home.swift */,
				9398EC1E2890424D00C0D765 /* AddNewTask.swift */,
				9398EC202891596900C0D765 /* DynamicFilteredView.swift */,
			);
			path = View;
			sourceTree = "<group>";
		};
		9398EC1928901FD700C0D765 /* ViewModel */ = {
			isa = PBXGroup;
			children = (
				9398EC1C2890326300C0D765 /* TaskViewModel.swift */,
			);
			path = ViewModel;
			sourceTree = "<group>";
		};
/* End PBXGroup section */

/* Begin PBXNativeTarget section */
		9398EC0128901E1800C0D765 /* DuNaw */ = {
			isa = PBXNativeTarget;
			buildConfigurationList = 9398EC1528901E1900C0D765 /* Build configuration list for PBXNativeTarget "DuNaw" */;
			buildPhases = (
				9398EBFE28901E1800C0D765 /* Sources */,
				9398EBFF28901E1800C0D765 /* Frameworks */,
				9398EC0028901E1800C0D765 /* Resources */,
			);
			buildRules = (
			);
			dependencies = (
			);
			name = DuNaw;
			productName = DuNaw;
			productReference = 9398EC0228901E1800C0D765 /* DuNaw.app */;
			productType = "com.apple.product-type.application";
		};
/* End PBXNativeTarget section */

/* Begin PBXProject section */
		9398EBFA28901E1800C0D765 /* Project object */ = {
			isa = PBXProject;
			attributes = {
				BuildIndependentTargetsInParallel = 1;
				LastSwiftUpdateCheck = 1330;
				LastUpgradeCheck = 1330;
				TargetAttributes = {
					9398EC0128901E1800C0D765 = {
						CreatedOnToolsVersion = 13.3;
					};
				};
			};
			buildConfigurationList = 9398EBFD28901E1800C0D765 /* Build configuration list for PBXProject "DuNaw" */;
			compatibilityVersion = "Xcode 13.0";
			developmentRegion = en;
			hasScannedForEncodings = 0;
			knownRegions = (
				en,
				Base,
			);
			mainGroup = 9398EBF928901E1800C0D765;
			productRefGroup = 9398EC0328901E1800C0D765 /* Products */;
			projectDirPath = "";
			projectRoot = "";
			targets = (
				9398EC0128901E1800C0D765 /* DuNaw */,
			);
		};
/* End PBXProject section */

/* Begin PBXResourcesBuildPhase section */
		9398EC0028901E1800C0D765 /* Resources */ = {
			isa = PBXResourcesBuildPhase;
			buildActionMask = 2147483647;
			files = (
				9398EC0D28901E1900C0D765 /* Preview Assets.xcassets in Resources */,
				9398EC0A28901E1900C0D765 /* Assets.xcassets in Resources */,
			);
			runOnlyForDeploymentPostprocessing = 0;
		};
/* End PBXResourcesBuildPhase section */

/* Begin PBXSourcesBuildPhase section */
		9398EBFE28901E1800C0D765 /* Sources */ = {
			isa = PBXSourcesBuildPhase;
			buildActionMask = 2147483647;
			files = (
				9398EC0F28901E1900C0D765 /* Persistence.swift in Sources */,
				9398EC1D2890326300C0D765 /* TaskViewModel.swift in Sources */,
				9398EC1228901E1900C0D765 /* DuNaw.xcdatamodeld in Sources */,
				9398EC212891596900C0D765 /* DynamicFilteredView.swift in Sources */,
				9398EC1B28901FF200C0D765 /* Home.swift in Sources */,
				9398EC1F2890424D00C0D765 /* AddNewTask.swift in Sources */,
				9398EC0828901E1800C0D765 /* ContentView.swift in Sources */,
				9398EC0628901E1800C0D765 /* DuNawApp.swift in Sources */,
			);
			runOnlyForDeploymentPostprocessing = 0;
		};
/* End PBXSourcesBuildPhase section */

/* Begin XCBuildConfiguration section */
		9398EC1328901E1900C0D765 /* Debug */ = {
			isa = XCBuildConfiguration;
			buildSettings = {
				ALWAYS_SEARCH_USER_PATHS = NO;
				CLANG_ANALYZER_NONNULL = YES;
				CLANG_ANALYZER_NUMBER_OBJECT_CONVERSION = YES_AGGRESSIVE;
				CLANG_CXX_LANGUAGE_STANDARD = "gnu++17";
				CLANG_ENABLE_MODULES = YES;
				CLANG_ENABLE_OBJC_ARC = YES;
				CLANG_ENABLE_OBJC_WEAK = YES;
				CLANG_WARN_BLOCK_CAPTURE_AUTORELEASING = YES;
				CLANG_WARN_BOOL_CONVERSION = YES;
				CLANG_WARN_COMMA = YES;
				CLANG_WARN_CONSTANT_CONVERSION = YES;
				CLANG_WARN_DEPRECATED_OBJC_IMPLEMENTATIONS = YES;
				CLANG_WARN_DIRECT_OBJC_ISA_USAGE = YES_ERROR;
				CLANG_WARN_DOCUMENTATION_COMMENTS = YES;
				CLANG_WARN_EMPTY_BODY = YES;
				CLANG_WARN_ENUM_CONVERSION = YES;
				CLANG_WARN_INFINITE_RECURSION = YES;
				CLANG_WARN_INT_CONVERSION = YES;
				CLANG_WARN_NON_LITERAL_NULL_CONVERSION = YES;
				CLANG_WARN_OBJC_IMPLICIT_RETAIN_SELF = YES;
				CLANG_WARN_OBJC_LITERAL_CONVERSION = YES;
				CLANG_WARN_OBJC_ROOT_CLASS = YES_ERROR;
				CLANG_WARN_QUOTED_INCLUDE_IN_FRAMEWORK_HEADER = YES;
				CLANG_WARN_RANGE_LOOP_ANALYSIS = YES;
				CLANG_WARN_STRICT_PROTOTYPES = YES;
				CLANG_WARN_SUSPICIOUS_MOVE = YES;
				CLANG_WARN_UNGUARDED_AVAILABILITY = YES_AGGRESSIVE;
				CLANG_WARN_UNREACHABLE_CODE = YES;
				CLANG_WARN__DUPLICATE_METHOD_MATCH = YES;
				COPY_PHASE_STRIP = NO;
				DEBUG_INFORMATION_FORMAT = dwarf;
				ENABLE_STRICT_OBJC_MSGSEND = YES;
				ENABLE_TESTABILITY = YES;
				GCC_C_LANGUAGE_STANDARD = gnu11;
				GCC_DYNAMIC_NO_PIC = NO;
				GCC_NO_COMMON_BLOCKS = YES;
				GCC_OPTIMIZATION_LEVEL = 0;
				GCC_PREPROCESSOR_DEFINITIONS = (
					"DEBUG=1",
					"$(inherited)",
				);
				GCC_WARN_64_TO_32_BIT_CONVERSION = YES;
				GCC_WARN_ABOUT_RETURN_TYPE = YES_ERROR;
				GCC_WARN_UNDECLARED_SELECTOR = YES;
				GCC_WARN_UNINITIALIZED_AUTOS = YES_AGGRESSIVE;
				GCC_WARN_UNUSED_FUNCTION = YES;
				GCC_WARN_UNUSED_VARIABLE = YES;
				IPHONEOS_DEPLOYMENT_TARGET = 15.4;
				MTL_ENABLE_DEBUG_INFO = INCLUDE_SOURCE;
				MTL_FAST_MATH = YES;
				ONLY_ACTIVE_ARCH = YES;
				SDKROOT = iphoneos;
				SWIFT_ACTIVE_COMPILATION_CONDITIONS = DEBUG;
				SWIFT_OPTIMIZATION_LEVEL = "-Onone";
			};
			name = Debug;
		};
		9398EC1428901E1900C0D765 /* Release */ = {
			isa = XCBuildConfiguration;
			buildSettings = {
				ALWAYS_SEARCH_USER_PATHS = NO;
				CLANG_ANALYZER_NONNULL = YES;
				CLANG_ANALYZER_NUMBER_OBJECT_CONVERSION = YES_AGGRESSIVE;
				CLANG_CXX_LANGUAGE_STANDARD = "gnu++17";
				CLANG_ENABLE_MODULES = YES;
				CLANG_ENABLE_OBJC_ARC = YES;
				CLANG_ENABLE_OBJC_WEAK = YES;
				CLANG_WARN_BLOCK_CAPTURE_AUTORELEASING = YES;
				CLANG_WARN_BOOL_CONVERSION = YES;
				CLANG_WARN_COMMA = YES;
				CLANG_WARN_CONSTANT_CONVERSION = YES;
				CLANG_WARN_DEPRECATED_OBJC_IMPLEMENTATIONS = YES;
				CLANG_WARN_DIRECT_OBJC_ISA_USAGE = YES_ERROR;
				CLANG_WARN_DOCUMENTATION_COMMENTS = YES;
				CLANG_WARN_EMPTY_BODY = YES;
				CLANG_WARN_ENUM_CONVERSION = YES;
				CLANG_WARN_INFINITE_RECURSION = YES;
				CLANG_WARN_INT_CONVERSION = YES;
				CLANG_WARN_NON_LITERAL_NULL_CONVERSION = YES;
				CLANG_WARN_OBJC_IMPLICIT_RETAIN_SELF = YES;
				CLANG_WARN_OBJC_LITERAL_CONVERSION = YES;
				CLANG_WARN_OBJC_ROOT_CLASS = YES_ERROR;
				CLANG_WARN_QUOTED_INCLUDE_IN_FRAMEWORK_HEADER = YES;
				CLANG_WARN_RANGE_LOOP_ANALYSIS = YES;
				CLANG_WARN_STRICT_PROTOTYPES = YES;
				CLANG_WARN_SUSPICIOUS_MOVE = YES;
				CLANG_WARN_UNGUARDED_AVAILABILITY = YES_AGGRESSIVE;
				CLANG_WARN_UNREACHABLE_CODE = YES;
				CLANG_WARN__DUPLICATE_METHOD_MATCH = YES;
				COPY_PHASE_STRIP = NO;
				DEBUG_INFORMATION_FORMAT = "dwarf-with-dsym";
				ENABLE_NS_ASSERTIONS = NO;
				ENABLE_STRICT_OBJC_MSGSEND = YES;
				GCC_C_LANGUAGE_STANDARD = gnu11;
				GCC_NO_COMMON_BLOCKS = YES;
				GCC_WARN_64_TO_32_BIT_CONVERSION = YES;
				GCC_WARN_ABOUT_RETURN_TYPE = YES_ERROR;
				GCC_WARN_UNDECLARED_SELECTOR = YES;
				GCC_WARN_UNINITIALIZED_AUTOS = YES_AGGRESSIVE;
				GCC_WARN_UNUSED_FUNCTION = YES;
				GCC_WARN_UNUSED_VARIABLE = YES;
				IPHONEOS_DEPLOYMENT_TARGET = 15.4;
				MTL_ENABLE_DEBUG_INFO = NO;
				MTL_FAST_MATH = YES;
				SDKROOT = iphoneos;
				SWIFT_COMPILATION_MODE = wholemodule;
				SWIFT_OPTIMIZATION_LEVEL = "-O";
				VALIDATE_PRODUCT = YES;
			};
			name = Release;
		};
		9398EC1628901E1900C0D765 /* Debug */ = {
			isa = XCBuildConfiguration;
			buildSettings = {
				ASSETCATALOG_COMPILER_APPICON_NAME = AppIcon;
				ASSETCATALOG_COMPILER_GLOBAL_ACCENT_COLOR_NAME = AccentColor;
				CODE_SIGN_STYLE = Automatic;
				CURRENT_PROJECT_VERSION = 1;
				DEVELOPMENT_ASSET_PATHS = "\"DuNaw/Preview Content\"";
				DEVELOPMENT_TEAM = 8Q7D2536H4;
				ENABLE_PREVIEWS = YES;
				GENERATE_INFOPLIST_FILE = YES;
				INFOPLIST_KEY_UIApplicationSceneManifest_Generation = YES;
				INFOPLIST_KEY_UIApplicationSupportsIndirectInputEvents = YES;
				INFOPLIST_KEY_UILaunchScreen_Generation = YES;
				INFOPLIST_KEY_UISupportedInterfaceOrientations_iPad = "UIInterfaceOrientationPortrait UIInterfaceOrientationPortraitUpsideDown UIInterfaceOrientationLandscapeLeft UIInterfaceOrientationLandscapeRight";
				INFOPLIST_KEY_UISupportedInterfaceOrientations_iPhone = "UIInterfaceOrientationPortrait UIInterfaceOrientationLandscapeLeft UIInterfaceOrientationLandscapeRight";
				LD_RUNPATH_SEARCH_PATHS = (
					"$(inherited)",
					"@executable_path/Frameworks",
				);
				MARKETING_VERSION = 1.0;
				PRODUCT_BUNDLE_IDENTIFIER = com.dee.DuNaw;
				PRODUCT_NAME = "$(TARGET_NAME)";
				SWIFT_EMIT_LOC_STRINGS = YES;
				SWIFT_VERSION = 5.0;
				TARGETED_DEVICE_FAMILY = "1,2";
			};
			name = Debug;
		};
		9398EC1728901E1900C0D765 /* Release */ = {
			isa = XCBuildConfiguration;
			buildSettings = {
				ASSETCATALOG_COMPILER_APPICON_NAME = AppIcon;
				ASSETCATALOG_COMPILER_GLOBAL_ACCENT_COLOR_NAME = AccentColor;
				CODE_SIGN_STYLE = Automatic;
				CURRENT_PROJECT_VERSION = 1;
				DEVELOPMENT_ASSET_PATHS = "\"DuNaw/Preview Content\"";
				DEVELOPMENT_TEAM = 8Q7D2536H4;
				ENABLE_PREVIEWS = YES;
				GENERATE_INFOPLIST_FILE = YES;
				INFOPLIST_KEY_UIApplicationSceneManifest_Generation = YES;
				INFOPLIST_KEY_UIApplicationSupportsIndirectInputEvents = YES;
				INFOPLIST_KEY_UILaunchScreen_Generation = YES;
				INFOPLIST_KEY_UISupportedInterfaceOrientations_iPad = "UIInterfaceOrientationPortrait UIInterfaceOrientationPortraitUpsideDown UIInterfaceOrientationLandscapeLeft UIInterfaceOrientationLandscapeRight";
				INFOPLIST_KEY_UISupportedInterfaceOrientations_iPhone = "UIInterfaceOrientationPortrait UIInterfaceOrientationLandscapeLeft UIInterfaceOrientationLandscapeRight";
				LD_RUNPATH_SEARCH_PATHS = (
					"$(inherited)",
					"@executable_path/Frameworks",
				);
				MARKETING_VERSION = 1.0;
				PRODUCT_BUNDLE_IDENTIFIER = com.dee.DuNaw;
				PRODUCT_NAME = "$(TARGET_NAME)";
				SWIFT_EMIT_LOC_STRINGS = YES;
				SWIFT_VERSION = 5.0;
				TARGETED_DEVICE_FAMILY = "1,2";
			};
			name = Release;
		};
/* End XCBuildConfiguration section */

/* Begin XCConfigurationList section */
		9398EBFD28901E1800C0D765 /* Build configuration list for PBXProject "DuNaw" */ = {
			isa = XCConfigurationList;
			buildConfigurations = (
				9398EC1328901E1900C0D765 /* Debug */,
				9398EC1428901E1900C0D765 /* Release */,
			);
			defaultConfigurationIsVisible = 0;
			defaultConfigurationName = Release;
		};
		9398EC1528901E1900C0D765 /* Build configuration list for PBXNativeTarget "DuNaw" */ = {
			isa = XCConfigurationList;
			buildConfigurations = (
				9398EC1628901E1900C0D765 /* Debug */,
				9398EC1728901E1900C0D765 /* Release */,
			);
			defaultConfigurationIsVisible = 0;
			defaultConfigurationName = Release;
		};
/* End XCConfigurationList section */

/* Begin XCVersionGroup section */
		9398EC1028901E1900C0D765 /* DuNaw.xcdatamodeld */ = {
			isa = XCVersionGroup;
			children = (
				9398EC1128901E1900C0D765 /* DuNaw.xcdatamodel */,
			);
			currentVersion = 9398EC1128901E1900C0D765 /* DuNaw.xcdatamodel */;
			path = DuNaw.xcdatamodeld;
			sourceTree = "<group>";
			versionGroupType = wrapper.xcdatamodel;
		};
/* End XCVersionGroup section */
	};
	rootObject = 9398EBFA28901E1800C0D765 /* Project object */;
}
